
Microsoft Visual Studio Solution File, Format Version 12.00
# Visual Studio Version 17
VisualStudioVersion = 17.12.35514.174
MinimumVisualStudioVersion = 10.0.40219.1
Project("{FAE04EC0-301F-11D3-BF4B-00C04F79EFBC}") = "ProjectA", "ProjectA\ProjectA.csproj", "{005E55B0-D0D1-4DEB-BF1A-6448BD087D63}"
EndProject
Project("{FAE04EC0-301F-11D3-BF4B-00C04F79EFBC}") = "Library.Tests", "Library.Tests\Library.Tests.csproj", "{5E559A18-38F8-4D0F-9681-BF6AED5BAFCC}"
EndProject
Global
	GlobalSection(SolutionConfigurationPlatforms) = preSolution
		Debug|Any CPU = Debug|Any CPU
		Release|Any CPU = Release|Any CPU
	EndGlobalSection
	GlobalSection(ProjectConfigurationPlatforms) = postSolution
		{005E55B0-D0D1-4DEB-BF1A-6448BD087D63}.Debug|Any CPU.ActiveCfg = Debug|Any CPU
		{005E55B0-D0D1-4DEB-BF1A-6448BD087D63}.Debug|Any CPU.Build.0 = Debug|Any CPU
		{005E55B0-D0D1-4DEB-BF1A-6448BD087D63}.Release|Any CPU.ActiveCfg = Release|Any CPU
		{005E55B0-D0D1-4DEB-BF1A-6448BD087D63}.Release|Any CPU.Build.0 = Release|Any CPU
		{5E559A18-38F8-4D0F-9681-BF6AED5BAFCC}.Debug|Any CPU.ActiveCfg = Debug|Any CPU
		{5E559A18-38F8-4D0F-9681-BF6AED5BAFCC}.Debug|Any CPU.Build.0 = Debug|Any CPU
		{5E559A18-38F8-4D0F-9681-BF6AED5BAFCC}.Release|Any CPU.ActiveCfg = Release|Any CPU
		{5E559A18-38F8-4D0F-9681-BF6AED5BAFCC}.Release|Any CPU.Build.0 = Release|Any CPU
	EndGlobalSection
	GlobalSection(SolutionProperties) = preSolution
		HideSolutionNode = FALSE
	EndGlobalSection
EndGlobal
